Microsoft Visual Studio Solution File, Format Version 8.00
Project("{FAE04EC0-301F-11D3-BF4B-00C04F79EFBC}") = "SimulateFTPConn", "SimulateFTPConn.csproj", "{7A843F56-BA57-4F36-86C4-B7E91F513319}"
	ProjectSection(ProjectDependencies) = postProject
	EndProjectSection
EndProject
Global
	GlobalSection(SolutionConfiguration) = preSolution
		Debug = Debug
		Release = Release
	EndGlobalSection
	GlobalSection(ProjectConfiguration) = postSolution
		{7A843F56-BA57-4F36-86C4-B7E91F513319}.Debug.ActiveCfg = Debug|.NET
		{7A843F56-BA57-4F36-86C4-B7E91F513319}.Debug.Build.0 = Debug|.NET
		{7A843F56-BA57-4F36-86C4-B7E91F513319}.Release.ActiveCfg = Release|.NET
		{7A843F56-BA57-4F36-86C4-B7E91F513319}.Release.Build.0 = Release|.NET
	EndGlobalSection
	GlobalSection(ExtensibilityGlobals) = postSolution
	EndGlobalSection
	GlobalSection(ExtensibilityAddIns) = postSolution
	EndGlobalSection
EndGlobal
