Microsoft Visual Studio Solution File, Format Version 8.00
Project("{FAE04EC0-301F-11D3-BF4B-00C04F79EFBC}") = "LoginCtrl", "LoginCtrl.csproj", "{79721EBC-7AC7-4AD6-8C59-DE5B8E3FB02D}"
	ProjectSection(ProjectDependencies) = postProject
	EndProjectSection
EndProject
Global
	GlobalSection(SolutionConfiguration) = preSolution
		Debug = Debug
		Release = Release
	EndGlobalSection
	GlobalSection(ProjectConfiguration) = postSolution
		{79721EBC-7AC7-4AD6-8C59-DE5B8E3FB02D}.Debug.ActiveCfg = Debug|.NET
		{79721EBC-7AC7-4AD6-8C59-DE5B8E3FB02D}.Debug.Build.0 = Debug|.NET
		{79721EBC-7AC7-4AD6-8C59-DE5B8E3FB02D}.Release.ActiveCfg = Release|.NET
		{79721EBC-7AC7-4AD6-8C59-DE5B8E3FB02D}.Release.Build.0 = Release|.NET
	EndGlobalSection
	GlobalSection(ExtensibilityGlobals) = postSolution
	EndGlobalSection
	GlobalSection(ExtensibilityAddIns) = postSolution
	EndGlobalSection
EndGlobal
